
Microsoft Visual Studio Solution File, Format Version 12.00
# Visual Studio 15
VisualStudioVersion = 15.0.26124.0
MinimumVisualStudioVersion = 15.0.26124.0
Project("{2150E333-8FDC-42A3-9474-1A3956D46DE8}") = "Domain", "Domain", "{D32983E4-CF5D-448B-B5CE-5316586FE69D}"
EndProject
Project("{FAE04EC0-301F-11D3-BF4B-00C04F79EFBC}") = "MicroRabbit.Domain.Core", "Domain\MicroRabbit.Domain.Core\MicroRabbit.Domain.Core.csproj", "{58CF7D11-E1C2-4BC1-B354-69B5063E686A}"
EndProject
Project("{2150E333-8FDC-42A3-9474-1A3956D46DE8}") = "Infra.Bus", "Infra.Bus", "{D40098BB-6847-433E-9C6A-AA65A902B00E}"
EndProject
Project("{FAE04EC0-301F-11D3-BF4B-00C04F79EFBC}") = "MicroRabbit.Infra.Bus", "Infra.Bus\MicroRabbit.Infra.Bus\MicroRabbit.Infra.Bus.csproj", "{28886A1D-26B3-4394-95A3-932837132F6F}"
EndProject
Project("{2150E333-8FDC-42A3-9474-1A3956D46DE8}") = "Infra.IoC", "Infra.IoC", "{5D5DAB30-0E74-410B-BEF8-0C32509405F9}"
EndProject
Project("{FAE04EC0-301F-11D3-BF4B-00C04F79EFBC}") = "MicroRabbit.Infra.IoC", "Infra.IoC\MicroRabbit.Infra.IoC\MicroRabbit.Infra.IoC.csproj", "{C48ACFFA-CEA9-4AFE-9439-486F8E0FEE59}"
EndProject
Project("{2150E333-8FDC-42A3-9474-1A3956D46DE8}") = "Microservices", "Microservices", "{6AF2D7F5-9C9E-43EE-92A3-64C2032898B7}"
EndProject
Project("{2150E333-8FDC-42A3-9474-1A3956D46DE8}") = "Banking", "Banking", "{702E15FB-4335-4F63-B69E-CE2B3BCE2C8A}"
EndProject
Project("{2150E333-8FDC-42A3-9474-1A3956D46DE8}") = "Api", "Api", "{2E628A3C-0992-473E-A455-C0FA37403D53}"
EndProject
Project("{FAE04EC0-301F-11D3-BF4B-00C04F79EFBC}") = "MicroRabbit.Banking.Api", "Microservices\Banking\Api\MicroRabbit.Banking.Api\MicroRabbit.Banking.Api.csproj", "{2C65E575-7EF6-4BFD-B9E9-80F28245B4E1}"
EndProject
Project("{2150E333-8FDC-42A3-9474-1A3956D46DE8}") = "Application", "Application", "{64B03403-5D86-4CC0-8273-4A5A133CD9A1}"
EndProject
Project("{FAE04EC0-301F-11D3-BF4B-00C04F79EFBC}") = "MicroRabbit.Banking.Application", "Microservices\Banking\Application\MicroRabbit.Banking.Application\MicroRabbit.Banking.Application.csproj", "{1450B949-44E0-4635-986A-4EEAFADE04A3}"
EndProject
Project("{2150E333-8FDC-42A3-9474-1A3956D46DE8}") = "Domain", "Domain", "{3EAEDC76-EEC8-4294-AFC8-656B2CB82523}"
EndProject
Project("{FAE04EC0-301F-11D3-BF4B-00C04F79EFBC}") = "MicroRabbit.Banking.Domain", "Microservices\Banking\Domain\MicroRabbit.Banking.Domain\MicroRabbit.Banking.Domain.csproj", "{0D97A39E-EE32-4B44-8051-F1FF3632AB03}"
EndProject
Project("{2150E333-8FDC-42A3-9474-1A3956D46DE8}") = "Data", "Data", "{D876B12F-A63E-4FA4-8EE3-BF261ABE188C}"
EndProject
Project("{FAE04EC0-301F-11D3-BF4B-00C04F79EFBC}") = "MicroRabbit.Banking.Data", "Microservices\Banking\Data\MicroRabbit.Banking.Data\MicroRabbit.Banking.Data.csproj", "{4C9FB4FA-388A-4C0A-AD67-A34E9A0DC894}"
EndProject
Global
	GlobalSection(SolutionConfigurationPlatforms) = preSolution
		Debug|Any CPU = Debug|Any CPU
		Debug|x64 = Debug|x64
		Debug|x86 = Debug|x86
		Release|Any CPU = Release|Any CPU
		Release|x64 = Release|x64
		Release|x86 = Release|x86
	EndGlobalSection
	GlobalSection(SolutionProperties) = preSolution
		HideSolutionNode = FALSE
	EndGlobalSection
	GlobalSection(ProjectConfigurationPlatforms) = postSolution
		{58CF7D11-E1C2-4BC1-B354-69B5063E686A}.Debug|Any CPU.ActiveCfg = Debug|Any CPU
		{58CF7D11-E1C2-4BC1-B354-69B5063E686A}.Debug|Any CPU.Build.0 = Debug|Any CPU
		{58CF7D11-E1C2-4BC1-B354-69B5063E686A}.Debug|x64.ActiveCfg = Debug|Any CPU
		{58CF7D11-E1C2-4BC1-B354-69B5063E686A}.Debug|x64.Build.0 = Debug|Any CPU
		{58CF7D11-E1C2-4BC1-B354-69B5063E686A}.Debug|x86.ActiveCfg = Debug|Any CPU
		{58CF7D11-E1C2-4BC1-B354-69B5063E686A}.Debug|x86.Build.0 = Debug|Any CPU
		{58CF7D11-E1C2-4BC1-B354-69B5063E686A}.Release|Any CPU.ActiveCfg = Release|Any CPU
		{58CF7D11-E1C2-4BC1-B354-69B5063E686A}.Release|Any CPU.Build.0 = Release|Any CPU
		{58CF7D11-E1C2-4BC1-B354-69B5063E686A}.Release|x64.ActiveCfg = Release|Any CPU
		{58CF7D11-E1C2-4BC1-B354-69B5063E686A}.Release|x64.Build.0 = Release|Any CPU
		{58CF7D11-E1C2-4BC1-B354-69B5063E686A}.Release|x86.ActiveCfg = Release|Any CPU
		{58CF7D11-E1C2-4BC1-B354-69B5063E686A}.Release|x86.Build.0 = Release|Any CPU
		{28886A1D-26B3-4394-95A3-932837132F6F}.Debug|Any CPU.ActiveCfg = Debug|Any CPU
		{28886A1D-26B3-4394-95A3-932837132F6F}.Debug|Any CPU.Build.0 = Debug|Any CPU
		{28886A1D-26B3-4394-95A3-932837132F6F}.Debug|x64.ActiveCfg = Debug|Any CPU
		{28886A1D-26B3-4394-95A3-932837132F6F}.Debug|x64.Build.0 = Debug|Any CPU
		{28886A1D-26B3-4394-95A3-932837132F6F}.Debug|x86.ActiveCfg = Debug|Any CPU
		{28886A1D-26B3-4394-95A3-932837132F6F}.Debug|x86.Build.0 = Debug|Any CPU
		{28886A1D-26B3-4394-95A3-932837132F6F}.Release|Any CPU.ActiveCfg = Release|Any CPU
		{28886A1D-26B3-4394-95A3-932837132F6F}.Release|Any CPU.Build.0 = Release|Any CPU
		{28886A1D-26B3-4394-95A3-932837132F6F}.Release|x64.ActiveCfg = Release|Any CPU
		{28886A1D-26B3-4394-95A3-932837132F6F}.Release|x64.Build.0 = Release|Any CPU
		{28886A1D-26B3-4394-95A3-932837132F6F}.Release|x86.ActiveCfg = Release|Any CPU
		{28886A1D-26B3-4394-95A3-932837132F6F}.Release|x86.Build.0 = Release|Any CPU
		{C48ACFFA-CEA9-4AFE-9439-486F8E0FEE59}.Debug|Any CPU.ActiveCfg = Debug|Any CPU
		{C48ACFFA-CEA9-4AFE-9439-486F8E0FEE59}.Debug|Any CPU.Build.0 = Debug|Any CPU
		{C48ACFFA-CEA9-4AFE-9439-486F8E0FEE59}.Debug|x64.ActiveCfg = Debug|Any CPU
		{C48ACFFA-CEA9-4AFE-9439-486F8E0FEE59}.Debug|x64.Build.0 = Debug|Any CPU
		{C48ACFFA-CEA9-4AFE-9439-486F8E0FEE59}.Debug|x86.ActiveCfg = Debug|Any CPU
		{C48ACFFA-CEA9-4AFE-9439-486F8E0FEE59}.Debug|x86.Build.0 = Debug|Any CPU
		{C48ACFFA-CEA9-4AFE-9439-486F8E0FEE59}.Release|Any CPU.ActiveCfg = Release|Any CPU
		{C48ACFFA-CEA9-4AFE-9439-486F8E0FEE59}.Release|Any CPU.Build.0 = Release|Any CPU
		{C48ACFFA-CEA9-4AFE-9439-486F8E0FEE59}.Release|x64.ActiveCfg = Release|Any CPU
		{C48ACFFA-CEA9-4AFE-9439-486F8E0FEE59}.Release|x64.Build.0 = Release|Any CPU
		{C48ACFFA-CEA9-4AFE-9439-486F8E0FEE59}.Release|x86.ActiveCfg = Release|Any CPU
		{C48ACFFA-CEA9-4AFE-9439-486F8E0FEE59}.Release|x86.Build.0 = Release|Any CPU
		{2C65E575-7EF6-4BFD-B9E9-80F28245B4E1}.Debug|Any CPU.ActiveCfg = Debug|Any CPU
		{2C65E575-7EF6-4BFD-B9E9-80F28245B4E1}.Debug|Any CPU.Build.0 = Debug|Any CPU
		{2C65E575-7EF6-4BFD-B9E9-80F28245B4E1}.Debug|x64.ActiveCfg = Debug|Any CPU
		{2C65E575-7EF6-4BFD-B9E9-80F28245B4E1}.Debug|x64.Build.0 = Debug|Any CPU
		{2C65E575-7EF6-4BFD-B9E9-80F28245B4E1}.Debug|x86.ActiveCfg = Debug|Any CPU
		{2C65E575-7EF6-4BFD-B9E9-80F28245B4E1}.Debug|x86.Build.0 = Debug|Any CPU
		{2C65E575-7EF6-4BFD-B9E9-80F28245B4E1}.Release|Any CPU.ActiveCfg = Release|Any CPU
		{2C65E575-7EF6-4BFD-B9E9-80F28245B4E1}.Release|Any CPU.Build.0 = Release|Any CPU
		{2C65E575-7EF6-4BFD-B9E9-80F28245B4E1}.Release|x64.ActiveCfg = Release|Any CPU
		{2C65E575-7EF6-4BFD-B9E9-80F28245B4E1}.Release|x64.Build.0 = Release|Any CPU
		{2C65E575-7EF6-4BFD-B9E9-80F28245B4E1}.Release|x86.ActiveCfg = Release|Any CPU
		{2C65E575-7EF6-4BFD-B9E9-80F28245B4E1}.Release|x86.Build.0 = Release|Any CPU
		{1450B949-44E0-4635-986A-4EEAFADE04A3}.Debug|Any CPU.ActiveCfg = Debug|Any CPU
		{1450B949-44E0-4635-986A-4EEAFADE04A3}.Debug|Any CPU.Build.0 = Debug|Any CPU
		{1450B949-44E0-4635-986A-4EEAFADE04A3}.Debug|x64.ActiveCfg = Debug|Any CPU
		{1450B949-44E0-4635-986A-4EEAFADE04A3}.Debug|x64.Build.0 = Debug|Any CPU
		{1450B949-44E0-4635-986A-4EEAFADE04A3}.Debug|x86.ActiveCfg = Debug|Any CPU
		{1450B949-44E0-4635-986A-4EEAFADE04A3}.Debug|x86.Build.0 = Debug|Any CPU
		{1450B949-44E0-4635-986A-4EEAFADE04A3}.Release|Any CPU.ActiveCfg = Release|Any CPU
		{1450B949-44E0-4635-986A-4EEAFADE04A3}.Release|Any CPU.Build.0 = Release|Any CPU
		{1450B949-44E0-4635-986A-4EEAFADE04A3}.Release|x64.ActiveCfg = Release|Any CPU
		{1450B949-44E0-4635-986A-4EEAFADE04A3}.Release|x64.Build.0 = Release|Any CPU
		{1450B949-44E0-4635-986A-4EEAFADE04A3}.Release|x86.ActiveCfg = Release|Any CPU
		{1450B949-44E0-4635-986A-4EEAFADE04A3}.Release|x86.Build.0 = Release|Any CPU
		{0D97A39E-EE32-4B44-8051-F1FF3632AB03}.Debug|Any CPU.ActiveCfg = Debug|Any CPU
		{0D97A39E-EE32-4B44-8051-F1FF3632AB03}.Debug|Any CPU.Build.0 = Debug|Any CPU
		{0D97A39E-EE32-4B44-8051-F1FF3632AB03}.Debug|x64.ActiveCfg = Debug|Any CPU
		{0D97A39E-EE32-4B44-8051-F1FF3632AB03}.Debug|x64.Build.0 = Debug|Any CPU
		{0D97A39E-EE32-4B44-8051-F1FF3632AB03}.Debug|x86.ActiveCfg = Debug|Any CPU
		{0D97A39E-EE32-4B44-8051-F1FF3632AB03}.Debug|x86.Build.0 = Debug|Any CPU
		{0D97A39E-EE32-4B44-8051-F1FF3632AB03}.Release|Any CPU.ActiveCfg = Release|Any CPU
		{0D97A39E-EE32-4B44-8051-F1FF3632AB03}.Release|Any CPU.Build.0 = Release|Any CPU
		{0D97A39E-EE32-4B44-8051-F1FF3632AB03}.Release|x64.ActiveCfg = Release|Any CPU
		{0D97A39E-EE32-4B44-8051-F1FF3632AB03}.Release|x64.Build.0 = Release|Any CPU
		{0D97A39E-EE32-4B44-8051-F1FF3632AB03}.Release|x86.ActiveCfg = Release|Any CPU
		{0D97A39E-EE32-4B44-8051-F1FF3632AB03}.Release|x86.Build.0 = Release|Any CPU
		{4C9FB4FA-388A-4C0A-AD67-A34E9A0DC894}.Debug|Any CPU.ActiveCfg = Debug|Any CPU
		{4C9FB4FA-388A-4C0A-AD67-A34E9A0DC894}.Debug|Any CPU.Build.0 = Debug|Any CPU
		{4C9FB4FA-388A-4C0A-AD67-A34E9A0DC894}.Debug|x64.ActiveCfg = Debug|Any CPU
		{4C9FB4FA-388A-4C0A-AD67-A34E9A0DC894}.Debug|x64.Build.0 = Debug|Any CPU
		{4C9FB4FA-388A-4C0A-AD67-A34E9A0DC894}.Debug|x86.ActiveCfg = Debug|Any CPU
		{4C9FB4FA-388A-4C0A-AD67-A34E9A0DC894}.Debug|x86.Build.0 = Debug|Any CPU
		{4C9FB4FA-388A-4C0A-AD67-A34E9A0DC894}.Release|Any CPU.ActiveCfg = Release|Any CPU
		{4C9FB4FA-388A-4C0A-AD67-A34E9A0DC894}.Release|Any CPU.Build.0 = Release|Any CPU
		{4C9FB4FA-388A-4C0A-AD67-A34E9A0DC894}.Release|x64.ActiveCfg = Release|Any CPU
		{4C9FB4FA-388A-4C0A-AD67-A34E9A0DC894}.Release|x64.Build.0 = Release|Any CPU
		{4C9FB4FA-388A-4C0A-AD67-A34E9A0DC894}.Release|x86.ActiveCfg = Release|Any CPU
		{4C9FB4FA-388A-4C0A-AD67-A34E9A0DC894}.Release|x86.Build.0 = Release|Any CPU
	EndGlobalSection
	GlobalSection(NestedProjects) = preSolution
		{58CF7D11-E1C2-4BC1-B354-69B5063E686A} = {D32983E4-CF5D-448B-B5CE-5316586FE69D}
		{28886A1D-26B3-4394-95A3-932837132F6F} = {D40098BB-6847-433E-9C6A-AA65A902B00E}
		{C48ACFFA-CEA9-4AFE-9439-486F8E0FEE59} = {5D5DAB30-0E74-410B-BEF8-0C32509405F9}
		{702E15FB-4335-4F63-B69E-CE2B3BCE2C8A} = {6AF2D7F5-9C9E-43EE-92A3-64C2032898B7}
		{2E628A3C-0992-473E-A455-C0FA37403D53} = {702E15FB-4335-4F63-B69E-CE2B3BCE2C8A}
		{2C65E575-7EF6-4BFD-B9E9-80F28245B4E1} = {2E628A3C-0992-473E-A455-C0FA37403D53}
		{64B03403-5D86-4CC0-8273-4A5A133CD9A1} = {702E15FB-4335-4F63-B69E-CE2B3BCE2C8A}
		{1450B949-44E0-4635-986A-4EEAFADE04A3} = {64B03403-5D86-4CC0-8273-4A5A133CD9A1}
		{3EAEDC76-EEC8-4294-AFC8-656B2CB82523} = {702E15FB-4335-4F63-B69E-CE2B3BCE2C8A}
		{0D97A39E-EE32-4B44-8051-F1FF3632AB03} = {3EAEDC76-EEC8-4294-AFC8-656B2CB82523}
		{D876B12F-A63E-4FA4-8EE3-BF261ABE188C} = {702E15FB-4335-4F63-B69E-CE2B3BCE2C8A}
		{4C9FB4FA-388A-4C0A-AD67-A34E9A0DC894} = {D876B12F-A63E-4FA4-8EE3-BF261ABE188C}
	EndGlobalSection
EndGlobal
